
Microsoft Visual Studio Solution File, Format Version 12.00
Project("{FAE04EC0-301F-11D3-BF4B-00C04F79EFBC}") = "MagicVilla_CouponAPI", "MagicVilla_CouponAPI\MagicVilla_CouponAPI.csproj", "{A401CF1A-D144-4D55-B092-27A2BBE2D99A}"
EndProject
Global
	GlobalSection(SolutionConfigurationPlatforms) = preSolution
		Debug|Any CPU = Debug|Any CPU
		Release|Any CPU = Release|Any CPU
	EndGlobalSection
	GlobalSection(ProjectConfigurationPlatforms) = postSolution
		{A401CF1A-D144-4D55-B092-27A2BBE2D99A}.Debug|Any CPU.ActiveCfg = Debug|Any CPU
		{A401CF1A-D144-4D55-B092-27A2BBE2D99A}.Debug|Any CPU.Build.0 = Debug|Any CPU
		{A401CF1A-D144-4D55-B092-27A2BBE2D99A}.Release|Any CPU.ActiveCfg = Release|Any CPU
		{A401CF1A-D144-4D55-B092-27A2BBE2D99A}.Release|Any CPU.Build.0 = Release|Any CPU
	EndGlobalSection
EndGlobal
